{
  "name": "entrega-coderhouse-backend",
  "lockfileVersion": 3,
  "requires": true,
  "packages": {
    "": {
      "dependencies": {
        "filesystem": "^1.0.1",
        "node": "^21.2.0"
      }
    },
    "node_modules/configuration-processor": {
      "version": "1.1.1",
      "resolved": "https://registry.npmjs.org/configuration-processor/-/configuration-processor-1.1.1.tgz",
      "integrity": "sha512-nQYMSZfAxUyBWpCQQh2tk/kJ8Eg6c50klw2edEY1R6xoUJ0Vy6IYQclNYubXR6B0bThDahn/TNQfDD+vzxpTFQ==",
      "engines": {
        "node": ">=0.8"
      }
    },
    "node_modules/data-container": {
      "version": "1.1.0",
      "resolved": "https://registry.npmjs.org/data-container/-/data-container-1.1.0.tgz",
      "integrity": "sha512-WnmEstSHZMOYJsy+BHKVxtZ1M0scmN74pLfm8CwMtQr/AxJjUVXFt3M04T/B2iahhtMxGIiLKFi3nr/tdBmX5Q==",
      "dependencies": {
        "configuration-processor": "~1"
      },
      "engines": {
        "node": ">=0.8"
      }
    },
    "node_modules/event-dispatcher": {
      "version": "2.4.0",
      "resolved": "https://registry.npmjs.org/event-dispatcher/-/event-dispatcher-2.4.0.tgz",
      "integrity": "sha512-08u6SPGt/atk1W5o1Fa2IeH0cme8Fsp42qI1XsdKqZbl+rgcwY/AYtlqV04nylyhKAQ33Zql0rkYH0Z4/TVy8Q==",
      "dependencies": {
        "configuration-processor": "~1",
        "data-container": "~1"
      },
      "engines": {
        "node": ">=0.10"
      }
    },
    "node_modules/filesystem": {
      "version": "1.0.1",
      "resolved": "https://registry.npmjs.org/filesystem/-/filesystem-1.0.1.tgz",
      "integrity": "sha512-IlnKZqVmv+UNR8kVknA47RY1rSfdJxNNmiX0osELJxhNj010cjlXH7nj7Vq1bPBPTrHtVrRYIWymXjVPlxffdw==",
      "dependencies": {
        "configuration-processor": "~1",
        "event-dispatcher": "~2"
      },
      "engines": {
        "node": ">=0.8"
      }
    },
    "node_modules/node": {
      "version": "21.2.0",
      "resolved": "https://registry.npmjs.org/node/-/node-21.2.0.tgz",
      "integrity": "sha512-oiHX7SXGdO1wyg0/lZ1ZMy1iS7GgumsT5Ptt5BOye1WniC8OJ2TtYRuWfqNoKrUlYzI4+Bv1+NH5eDgxuThU2A==",
      "hasInstallScript": true,
      "dependencies": {
        "node-bin-setup": "^1.0.0"
      },
      "bin": {
        "node": "bin/node"
      },
      "engines": {
        "npm": ">=5.0.0"
      }
    },
    "node_modules/node-bin-setup": {
      "version": "1.1.3",
      "resolved": "https://registry.npmjs.org/node-bin-setup/-/node-bin-setup-1.1.3.tgz",
      "integrity": "sha512-opgw9iSCAzT2+6wJOETCpeRYAQxSopqQ2z+N6BXwIMsQQ7Zj5M8MaafQY8JMlolRR6R1UXg2WmhKp0p9lSOivg=="
    }
  }
}
